// !$*UTF8*$!
{
	archiveVersion = 1;
	classes = {
	};
	objectVersion = 46;
	objects = {

/* Begin PBXBuildFile section */
		C981E7671EADF94900C7C48F /* AppDelegate.swift in Sources */ = {isa = PBXBuildFile; fileRef = C981E7661EADF94900C7C48F /* AppDelegate.swift */; };
		C981E7691EADF94900C7C48F /* ViewController.swift in Sources */ = {isa = PBXBuildFile; fileRef = C981E7681EADF94900C7C48F /* ViewController.swift */; };
		C981E76C1EADF94900C7C48F /* Main.storyboard in Resources */ = {isa = PBXBuildFile; fileRef = C981E76A1EADF94900C7C48F /* Main.storyboard */; };
		C981E76E1EADF94900C7C48F /* Assets.xcassets in Resources */ = {isa = PBXBuildFile; fileRef = C981E76D1EADF94900C7C48F /* Assets.xcassets */; };
		C981E7711EADF94900C7C48F /* LaunchScreen.storyboard in Resources */ = {isa = PBXBuildFile; fileRef = C981E76F1EADF94900C7C48F /* LaunchScreen.storyboard */; };
		C981E77C1EADF94900C7C48F /* CeniyTests.swift in Sources */ = {isa = PBXBuildFile; fileRef = C981E77B1EADF94900C7C48F /* CeniyTests.swift */; };
		C981E7871EADF94900C7C48F /* CeniyUITests.swift in Sources */ = {isa = PBXBuildFile; fileRef = C981E7861EADF94900C7C48F /* CeniyUITests.swift */; };
/* End PBXBuildFile section */

/* Begin PBXContainerItemProxy section */
		C981E7781EADF94900C7C48F /* PBXContainerItemProxy */ = {
			isa = PBXContainerItemProxy;
			containerPortal = C981E75B1EADF94900C7C48F /* Project object */;
			proxyType = 1;
			remoteGlobalIDString = C981E7621EADF94900C7C48F;
			remoteInfo = Ceniy;
		};
		C981E7831EADF94900C7C48F /* PBXContainerItemProxy */ = {
			isa = PBXContainerItemProxy;
			containerPortal = C981E75B1EADF94900C7C48F /* Project object */;
			proxyType = 1;
			remoteGlobalIDString = C981E7621EADF94900C7C48F;
			remoteInfo = Ceniy;
		};
/* End PBXContainerItemProxy section */

/* Begin PBXFileReference section */
		C981E7631EADF94900C7C48F /* Ceniy.app */ = {isa = PBXFileReference; explicitFileType = wrapper.application; includeInIndex = 0; path = Ceniy.app; sourceTree = BUILT_PRODUCTS_DIR; };
		C981E7661EADF94900C7C48F /* AppDelegate.swift */ = {isa = PBXFileReference; lastKnownFileType = sourcecode.swift; path = AppDelegate.swift; sourceTree = "<group>"; };
		C981E7681EADF94900C7C48F /* ViewController.swift */ = {isa = PBXFileReference; lastKnownFileType = sourcecode.swift; path = ViewController.swift; sourceTree = "<group>"; };
		C981E76B1EADF94900C7C48F /* Base */ = {isa = PBXFileReference; lastKnownFileType = file.storyboard; name = Base; path = Base.lproj/Main.storyboard; sourceTree = "<group>"; };
		C981E76D1EADF94900C7C48F /* Assets.xcassets */ = {isa = PBXFileReference; lastKnownFileType = folder.assetcatalog; path = Assets.xcassets; sourceTree = "<group>"; };
		C981E7701EADF94900C7C48F /* Base */ = {isa = PBXFileReference; lastKnownFileType = file.storyboard; name = Base; path = Base.lproj/LaunchScreen.storyboard; sourceTree = "<group>"; };
		C981E7721EADF94900C7C48F /* Info.plist */ = {isa = PBXFileReference; lastKnownFileType = text.plist.xml; path = Info.plist; sourceTree = "<group>"; };
		C981E7771EADF94900C7C48F /* CeniyTests.xctest */ = {isa = PBXFileReference; explicitFileType = wrapper.cfbundle; includeInIndex = 0; path = CeniyTests.xctest; sourceTree = BUILT_PRODUCTS_DIR; };
		C981E77B1EADF94900C7C48F /* CeniyTests.swift */ = {isa = PBXFileReference; lastKnownFileType = sourcecode.swift; path = CeniyTests.swift; sourceTree = "<group>"; };
		C981E77D1EADF94900C7C48F /* Info.plist */ = {isa = PBXFileReference; lastKnownFileType = text.plist.xml; path = Info.plist; sourceTree = "<group>"; };
		C981E7821EADF94900C7C48F /* CeniyUITests.xctest */ = {isa = PBXFileReference; explicitFileType = wrapper.cfbundle; includeInIndex = 0; path = CeniyUITests.xctest; sourceTree = BUILT_PRODUCTS_DIR; };
		C981E7861EADF94900C7C48F /* CeniyUITests.swift */ = {isa = PBXFileReference; lastKnownFileType = sourcecode.swift; path = CeniyUITests.swift; sourceTree = "<group>"; };
		C981E7881EADF94900C7C48F /* Info.plist */ = {isa = PBXFileReference; lastKnownFileType = text.plist.xml; path = Info.plist; sourceTree = "<group>"; };
/* End PBXFileReference section */

/* Begin PBXFrameworksBuildPhase section */
		C981E7601EADF94900C7C48F /* Frameworks */ = {
			isa = PBXFrameworksBuildPhase;
			buildActionMask = 2147483647;
			files = (
			);
			runOnlyForDeploymentPostprocessing = 0;
		};
		C981E7741EADF94900C7C48F /* Frameworks */ = {
			isa = PBXFrameworksBuildPhase;
			buildActionMask = 2147483647;
			files = (
			);
			runOnlyForDeploymentPostprocessing = 0;
		};
		C981E77F1EADF94900C7C48F /* Frameworks */ = {
			isa = PBXFrameworksBuildPhase;
			buildActionMask = 2147483647;
			files = (
			);
			runOnlyForDeploymentPostprocessing = 0;
		};
/* End PBXFrameworksBuildPhase section */

/* Begin PBXGroup section */
		C981E75A1EADF94900C7C48F = {
			isa = PBXGroup;
			children = (
				C981E7651EADF94900C7C48F /* Ceniy */,
				C981E77A1EADF94900C7C48F /* CeniyTests */,
				C981E7851EADF94900C7C48F /* CeniyUITests */,
				C981E7641EADF94900C7C48F /* Products */,
			);
			sourceTree = "<group>";
		};
		C981E7641EADF94900C7C48F /* Products */ = {
			isa = PBXGroup;
			children = (
				C981E7631EADF94900C7C48F /* Ceniy.app */,
				C981E7771EADF94900C7C48F /* CeniyTests.xctest */,
				C981E7821EADF94900C7C48F /* CeniyUITests.xctest */,
			);
			name = Products;
			sourceTree = "<group>";
		};
		C981E7651EADF94900C7C48F /* Ceniy */ = {
			isa = PBXGroup;
			children = (
				C981E7661EADF94900C7C48F /* AppDelegate.swift */,
				C981E7681EADF94900C7C48F /* ViewController.swift */,
				C981E76A1EADF94900C7C48F /* Main.storyboard */,
				C981E76D1EADF94900C7C48F /* Assets.xcassets */,
				C981E76F1EADF94900C7C48F /* LaunchScreen.storyboard */,
				C981E7721EADF94900C7C48F /* Info.plist */,
			);
			path = Ceniy;
			sourceTree = "<group>";
		};
		C981E77A1EADF94900C7C48F /* CeniyTests */ = {
			isa = PBXGroup;
			children = (
				C981E77B1EADF94900C7C48F /* CeniyTests.swift */,
				C981E77D1EADF94900C7C48F /* Info.plist */,
			);
			path = CeniyTests;
			sourceTree = "<group>";
		};
		C981E7851EADF94900C7C48F /* CeniyUITests */ = {
			isa = PBXGroup;
			children = (
				C981E7861EADF94900C7C48F /* CeniyUITests.swift */,
				C981E7881EADF94900C7C48F /* Info.plist */,
			);
			path = CeniyUITests;
			sourceTree = "<group>";
		};
/* End PBXGroup section */

/* Begin PBXNativeTarget section */
		C981E7621EADF94900C7C48F /* Ceniy */ = {
			isa = PBXNativeTarget;
			buildConfigurationList = C981E78B1EADF94900C7C48F /* Build configuration list for PBXNativeTarget "Ceniy" */;
			buildPhases = (
				C981E75F1EADF94900C7C48F /* Sources */,
				C981E7601EADF94900C7C48F /* Frameworks */,
				C981E7611EADF94900C7C48F /* Resources */,
			);
			buildRules = (
			);
			dependencies = (
			);
			name = Ceniy;
			productName = Ceniy;
			productReference = C981E7631EADF94900C7C48F /* Ceniy.app */;
			productType = "com.apple.product-type.application";
		};
		C981E7761EADF94900C7C48F /* CeniyTests */ = {
			isa = PBXNativeTarget;
			buildConfigurationList = C981E78E1EADF94900C7C48F /* Build configuration list for PBXNativeTarget "CeniyTests" */;
			buildPhases = (
				C981E7731EADF94900C7C48F /* Sources */,
				C981E7741EADF94900C7C48F /* Frameworks */,
				C981E7751EADF94900C7C48F /* Resources */,
			);
			buildRules = (
			);
			dependencies = (
				C981E7791EADF94900C7C48F /* PBXTargetDependency */,
			);
			name = CeniyTests;
			productName = CeniyTests;
			productReference = C981E7771EADF94900C7C48F /* CeniyTests.xctest */;
			productType = "com.apple.product-type.bundle.unit-test";
		};
		C981E7811EADF94900C7C48F /* CeniyUITests */ = {
			isa = PBXNativeTarget;
			buildConfigurationList = C981E7911EADF94900C7C48F /* Build configuration list for PBXNativeTarget "CeniyUITests" */;
			buildPhases = (
				C981E77E1EADF94900C7C48F /* Sources */,
				C981E77F1EADF94900C7C48F /* Frameworks */,
				C981E7801EADF94900C7C48F /* Resources */,
			);
			buildRules = (
			);
			dependencies = (
				C981E7841EADF94900C7C48F /* PBXTargetDependency */,
			);
			name = CeniyUITests;
			productName = CeniyUITests;
			productReference = C981E7821EADF94900C7C48F /* CeniyUITests.xctest */;
			productType = "com.apple.product-type.bundle.ui-testing";
		};
/* End PBXNativeTarget section */

/* Begin PBXProject section */
		C981E75B1EADF94900C7C48F /* Project object */ = {
			isa = PBXProject;
			attributes = {
				LastSwiftUpdateCheck = 0820;
				LastUpgradeCheck = 0820;
				ORGANIZATIONNAME = Ceniy;
				TargetAttributes = {
					C981E7621EADF94900C7C48F = {
						CreatedOnToolsVersion = 8.2.1;
						ProvisioningStyle = Automatic;
					};
					C981E7761EADF94900C7C48F = {
						CreatedOnToolsVersion = 8.2.1;
						ProvisioningStyle = Automatic;
						TestTargetID = C981E7621EADF94900C7C48F;
					};
					C981E7811EADF94900C7C48F = {
						CreatedOnToolsVersion = 8.2.1;
						ProvisioningStyle = Automatic;
						TestTargetID = C981E7621EADF94900C7C48F;
					};
				};
			};
			buildConfigurationList = C981E75E1EADF94900C7C48F /* Build configuration list for PBXProject "Ceniy" */;
			compatibilityVersion = "Xcode 3.2";
			developmentRegion = English;
			hasScannedForEncodings = 0;
			knownRegions = (
				en,
				Base,
			);
			mainGroup = C981E75A1EADF94900C7C48F;
			productRefGroup = C981E7641EADF94900C7C48F /* Products */;
			projectDirPath = "";
			projectRoot = "";
			targets = (
				C981E7621EADF94900C7C48F /* Ceniy */,
				C981E7761EADF94900C7C48F /* CeniyTests */,
				C981E7811EADF94900C7C48F /* CeniyUITests */,
			);
		};
/* End PBXProject section */

/* Begin PBXResourcesBuildPhase section */
		C981E7611EADF94900C7C48F /* Resources */ = {
			isa = PBXResourcesBuildPhase;
			buildActionMask = 2147483647;
			files = (
				C981E7711EADF94900C7C48F /* LaunchScreen.storyboard in Resources */,
				C981E76E1EADF94900C7C48F /* Assets.xcassets in Resources */,
				C981E76C1EADF94900C7C48F /* Main.storyboard in Resources */,
			);
			runOnlyForDeploymentPostprocessing = 0;
		};
		C981E7751EADF94900C7C48F /* Resources */ = {
			isa = PBXResourcesBuildPhase;
			buildActionMask = 2147483647;
			files = (
			);
			runOnlyForDeploymentPostprocessing = 0;
		};
		C981E7801EADF94900C7C48F /* Resources */ = {
			isa = PBXResourcesBuildPhase;
			buildActionMask = 2147483647;
			files = (
			);
			runOnlyForDeploymentPostprocessing = 0;
		};
/* End PBXResourcesBuildPhase section */

/* Begin PBXSourcesBuildPhase section */
		C981E75F1EADF94900C7C48F /* Sources */ = {
			isa = PBXSourcesBuildPhase;
			buildActionMask = 2147483647;
			files = (
				C981E7691EADF94900C7C48F /* ViewController.swift in Sources */,
				C981E7671EADF94900C7C48F /* AppDelegate.swift in Sources */,
			);
			runOnlyForDeploymentPostprocessing = 0;
		};
		C981E7731EADF94900C7C48F /* Sources */ = {
			isa = PBXSourcesBuildPhase;
			buildActionMask = 2147483647;
			files = (
				C981E77C1EADF94900C7C48F /* CeniyTests.swift in Sources */,
			);
			runOnlyForDeploymentPostprocessing = 0;
		};
		C981E77E1EADF94900C7C48F /* Sources */ = {
			isa = PBXSourcesBuildPhase;
			buildActionMask = 2147483647;
			files = (
				C981E7871EADF94900C7C48F /* CeniyUITests.swift in Sources */,
			);
			runOnlyForDeploymentPostprocessing = 0;
		};
/* End PBXSourcesBuildPhase section */

/* Begin PBXTargetDependency section */
		C981E7791EADF94900C7C48F /* PBXTargetDependency */ = {
			isa = PBXTargetDependency;
			target = C981E7621EADF94900C7C48F /* Ceniy */;
			targetProxy = C981E7781EADF94900C7C48F /* PBXContainerItemProxy */;
		};
		C981E7841EADF94900C7C48F /* PBXTargetDependency */ = {
			isa = PBXTargetDependency;
			target = C981E7621EADF94900C7C48F /* Ceniy */;
			targetProxy = C981E7831EADF94900C7C48F /* PBXContainerItemProxy */;
		};
/* End PBXTargetDependency section */

/* Begin PBXVariantGroup section */
		C981E76A1EADF94900C7C48F /* Main.storyboard */ = {
			isa = PBXVariantGroup;
			children = (
				C981E76B1EADF94900C7C48F /* Base */,
			);
			name = Main.storyboard;
			sourceTree = "<group>";
		};
		C981E76F1EADF94900C7C48F /* LaunchScreen.storyboard */ = {
			isa = PBXVariantGroup;
			children = (
				C981E7701EADF94900C7C48F /* Base */,
			);
			name = LaunchScreen.storyboard;
			sourceTree = "<group>";
		};
/* End PBXVariantGroup section */

/* Begin XCBuildConfiguration section */
		C981E7891EADF94900C7C48F /* Debug */ = {
			isa = XCBuildConfiguration;
			buildSettings = {
				ALWAYS_SEARCH_USER_PATHS = NO;
				CLANG_ANALYZER_NONNULL = YES;
				CLANG_CXX_LANGUAGE_STANDARD = "gnu++0x";
				CLANG_CXX_LIBRARY = "libc++";
				CLANG_ENABLE_MODULES = YES;
				CLANG_ENABLE_OBJC_ARC = YES;
				CLANG_WARN_BOOL_CONVERSION = YES;
				CLANG_WARN_CONSTANT_CONVERSION = YES;
				CLANG_WARN_DIRECT_OBJC_ISA_USAGE = YES_ERROR;
				CLANG_WARN_DOCUMENTATION_COMMENTS = YES;
				CLANG_WARN_EMPTY_BODY = YES;
				CLANG_WARN_ENUM_CONVERSION = YES;
				CLANG_WARN_INFINITE_RECURSION = YES;
				CLANG_WARN_INT_CONVERSION = YES;
				CLANG_WARN_OBJC_ROOT_CLASS = YES_ERROR;
				CLANG_WARN_SUSPICIOUS_MOVE = YES;
				CLANG_WARN_UNREACHABLE_CODE = YES;
				CLANG_WARN__DUPLICATE_METHOD_MATCH = YES;
				"CODE_SIGN_IDENTITY[sdk=iphoneos*]" = "iPhone Developer";
				COPY_PHASE_STRIP = NO;
				DEBUG_INFORMATION_FORMAT = dwarf;
				ENABLE_STRICT_OBJC_MSGSEND = YES;
				ENABLE_TESTABILITY = YES;
				GCC_C_LANGUAGE_STANDARD = gnu99;
				GCC_DYNAMIC_NO_PIC = NO;
				GCC_NO_COMMON_BLOCKS = YES;
				GCC_OPTIMIZATION_LEVEL = 0;
				GCC_PREPROCESSOR_DEFINITIONS = (
					"DEBUG=1",
					"$(inherited)",
				);
				GCC_WARN_64_TO_32_BIT_CONVERSION = YES;
				GCC_WARN_ABOUT_RETURN_TYPE = YES_ERROR;
				GCC_WARN_UNDECLARED_SELECTOR = YES;
				GCC_WARN_UNINITIALIZED_AUTOS = YES_AGGRESSIVE;
				GCC_WARN_UNUSED_FUNCTION = YES;
				GCC_WARN_UNUSED_VARIABLE = YES;
				IPHONEOS_DEPLOYMENT_TARGET = 10.2;
				MTL_ENABLE_DEBUG_INFO = YES;
				ONLY_ACTIVE_ARCH = YES;
				SDKROOT = iphoneos;
				SWIFT_ACTIVE_COMPILATION_CONDITIONS = DEBUG;
				SWIFT_OPTIMIZATION_LEVEL = "-Onone";
			};
			name = Debug;
		};
		C981E78A1EADF94900C7C48F /* Release */ = {
			isa = XCBuildConfiguration;
			buildSettings = {
				ALWAYS_SEARCH_USER_PATHS = NO;
				CLANG_ANALYZER_NONNULL = YES;
				CLANG_CXX_LANGUAGE_STANDARD = "gnu++0x";
				CLANG_CXX_LIBRARY = "libc++";
				CLANG_ENABLE_MODULES = YES;
				CLANG_ENABLE_OBJC_ARC = YES;
				CLANG_WARN_BOOL_CONVERSION = YES;
				CLANG_WARN_CONSTANT_CONVERSION = YES;
				CLANG_WARN_DIRECT_OBJC_ISA_USAGE = YES_ERROR;
				CLANG_WARN_DOCUMENTATION_COMMENTS = YES;
				CLANG_WARN_EMPTY_BODY = YES;
				CLANG_WARN_ENUM_CONVERSION = YES;
				CLANG_WARN_INFINITE_RECURSION = YES;
				CLANG_WARN_INT_CONVERSION = YES;
				CLANG_WARN_OBJC_ROOT_CLASS = YES_ERROR;
				CLANG_WARN_SUSPICIOUS_MOVE = YES;
				CLANG_WARN_UNREACHABLE_CODE = YES;
				CLANG_WARN__DUPLICATE_METHOD_MATCH = YES;
				"CODE_SIGN_IDENTITY[sdk=iphoneos*]" = "iPhone Developer";
				COPY_PHASE_STRIP = NO;
				DEBUG_INFORMATION_FORMAT = "dwarf-with-dsym";
				ENABLE_NS_ASSERTIONS = NO;
				ENABLE_STRICT_OBJC_MSGSEND = YES;
				GCC_C_LANGUAGE_STANDARD = gnu99;
				GCC_NO_COMMON_BLOCKS = YES;
				GCC_WARN_64_TO_32_BIT_CONVERSION = YES;
				GCC_WARN_ABOUT_RETURN_TYPE = YES_ERROR;
				GCC_WARN_UNDECLARED_SELECTOR = YES;
				GCC_WARN_UNINITIALIZED_AUTOS = YES_AGGRESSIVE;
				GCC_WARN_UNUSED_FUNCTION = YES;
				GCC_WARN_UNUSED_VARIABLE = YES;
				IPHONEOS_DEPLOYMENT_TARGET = 10.2;
				MTL_ENABLE_DEBUG_INFO = NO;
				SDKROOT = iphoneos;
				SWIFT_OPTIMIZATION_LEVEL = "-Owholemodule";
				VALIDATE_PRODUCT = YES;
			};
			name = Release;
		};
		C981E78C1EADF94900C7C48F /* Debug */ = {
			isa = XCBuildConfiguration;
			buildSettings = {
				ASSETCATALOG_COMPILER_APPICON_NAME = AppIcon;
				INFOPLIST_FILE = Ceniy/Info.plist;
				LD_RUNPATH_SEARCH_PATHS = "$(inherited) @executable_path/Frameworks";
				PRODUCT_BUNDLE_IDENTIFIER = com.wwgkzy.Ceniy;
				PRODUCT_NAME = "$(TARGET_NAME)";
				SWIFT_VERSION = 2.3;
			};
			name = Debug;
		};
		C981E78D1EADF94900C7C48F /* Release */ = {
			isa = XCBuildConfiguration;
			buildSettings = {
				ASSETCATALOG_COMPILER_APPICON_NAME = AppIcon;
				INFOPLIST_FILE = Ceniy/Info.plist;
				LD_RUNPATH_SEARCH_PATHS = "$(inherited) @executable_path/Frameworks";
				PRODUCT_BUNDLE_IDENTIFIER = com.wwgkzy.Ceniy;
				PRODUCT_NAME = "$(TARGET_NAME)";
				SWIFT_VERSION = 2.3;
			};
			name = Release;
		};
		C981E78F1EADF94900C7C48F /* Debug */ = {
			isa = XCBuildConfiguration;
			buildSettings = {
				ALWAYS_EMBED_SWIFT_STANDARD_LIBRARIES = YES;
				BUNDLE_LOADER = "$(TEST_HOST)";
				INFOPLIST_FILE = CeniyTests/Info.plist;
				LD_RUNPATH_SEARCH_PATHS = "$(inherited) @executable_path/Frameworks @loader_path/Frameworks";
				PRODUCT_BUNDLE_IDENTIFIER = com.wwgkzy.CeniyTests;
				PRODUCT_NAME = "$(TARGET_NAME)";
				SWIFT_VERSION = 3.0;
				TEST_HOST = "$(BUILT_PRODUCTS_DIR)/Ceniy.app/Ceniy";
			};
			name = Debug;
		};
		C981E7901EADF94900C7C48F /* Release */ = {
			isa = XCBuildConfiguration;
			buildSettings = {
				ALWAYS_EMBED_SWIFT_STANDARD_LIBRARIES = YES;
				BUNDLE_LOADER = "$(TEST_HOST)";
				INFOPLIST_FILE = CeniyTests/Info.plist;
				LD_RUNPATH_SEARCH_PATHS = "$(inherited) @executable_path/Frameworks @loader_path/Frameworks";
				PRODUCT_BUNDLE_IDENTIFIER = com.wwgkzy.CeniyTests;
				PRODUCT_NAME = "$(TARGET_NAME)";
				SWIFT_VERSION = 3.0;
				TEST_HOST = "$(BUILT_PRODUCTS_DIR)/Ceniy.app/Ceniy";
			};
			name = Release;
		};
		C981E7921EADF94900C7C48F /* Debug */ = {
			isa = XCBuildConfiguration;
			buildSettings = {
				ALWAYS_EMBED_SWIFT_STANDARD_LIBRARIES = YES;
				INFOPLIST_FILE = CeniyUITests/Info.plist;
				LD_RUNPATH_SEARCH_PATHS = "$(inherited) @executable_path/Frameworks @loader_path/Frameworks";
				PRODUCT_BUNDLE_IDENTIFIER = com.wwgkzy.CeniyUITests;
				PRODUCT_NAME = "$(TARGET_NAME)";
				SWIFT_VERSION = 3.0;
				TEST_TARGET_NAME = Ceniy;
			};
			name = Debug;
		};
		C981E7931EADF94900C7C48F /* Release */ = {
			isa = XCBuildConfiguration;
			buildSettings = {
				ALWAYS_EMBED_SWIFT_STANDARD_LIBRARIES = YES;
				INFOPLIST_FILE = CeniyUITests/Info.plist;
				LD_RUNPATH_SEARCH_PATHS = "$(inherited) @executable_path/Frameworks @loader_path/Frameworks";
				PRODUCT_BUNDLE_IDENTIFIER = com.wwgkzy.CeniyUITests;
				PRODUCT_NAME = "$(TARGET_NAME)";
				SWIFT_VERSION = 3.0;
				TEST_TARGET_NAME = Ceniy;
			};
			name = Release;
		};
/* End XCBuildConfiguration section */

/* Begin XCConfigurationList section */
		C981E75E1EADF94900C7C48F /* Build configuration list for PBXProject "Ceniy" */ = {
			isa = XCConfigurationList;
			buildConfigurations = (
				C981E7891EADF94900C7C48F /* Debug */,
				C981E78A1EADF94900C7C48F /* Release */,
			);
			defaultConfigurationIsVisible = 0;
			defaultConfigurationName = Release;
		};
		C981E78B1EADF94900C7C48F /* Build configuration list for PBXNativeTarget "Ceniy" */ = {
			isa = XCConfigurationList;
			buildConfigurations = (
				C981E78C1EADF94900C7C48F /* Debug */,
				C981E78D1EADF94900C7C48F /* Release */,
			);
			defaultConfigurationIsVisible = 0;
		};
		C981E78E1EADF94900C7C48F /* Build configuration list for PBXNativeTarget "CeniyTests" */ = {
			isa = XCConfigurationList;
			buildConfigurations = (
				C981E78F1EADF94900C7C48F /* Debug */,
				C981E7901EADF94900C7C48F /* Release */,
			);
			defaultConfigurationIsVisible = 0;
		};
		C981E7911EADF94900C7C48F /* Build configuration list for PBXNativeTarget "CeniyUITests" */ = {
			isa = XCConfigurationList;
			buildConfigurations = (
				C981E7921EADF94900C7C48F /* Debug */,
				C981E7931EADF94900C7C48F /* Release */,
			);
			defaultConfigurationIsVisible = 0;
		};
/* End XCConfigurationList section */
	};
	rootObject = C981E75B1EADF94900C7C48F /* Project object */;
}
